// !$*UTF8*$!
{
	archiveVersion = 1;
	classes = {
	};
	objectVersion = 50;
	objects = {

/* Begin PBXBuildFile section */
		DEB27294256AD74500637931 /* AppDelegate.swift in Sources */ = {isa = PBXBuildFile; fileRef = DEB27293256AD74500637931 /* AppDelegate.swift */; };
		DEB27296256AD74500637931 /* SceneDelegate.swift in Sources */ = {isa = PBXBuildFile; fileRef = DEB27295256AD74500637931 /* SceneDelegate.swift */; };
		DEB27298256AD74500637931 /* ViewController.swift in Sources */ = {isa = PBXBuildFile; fileRef = DEB27297256AD74500637931 /* ViewController.swift */; };
		DEB2729B256AD74500637931 /* Main.storyboard in Resources */ = {isa = PBXBuildFile; fileRef = DEB27299256AD74500637931 /* Main.storyboard */; };
		DEB2729D256AD74800637931 /* Assets.xcassets in Resources */ = {isa = PBXBuildFile; fileRef = DEB2729C256AD74800637931 /* Assets.xcassets */; };
		DEB272A0256AD74800637931 /* LaunchScreen.storyboard in Resources */ = {isa = PBXBuildFile; fileRef = DEB2729E256AD74800637931 /* LaunchScreen.storyboard */; };
		DEB272A8256ADCB000637931 /* MainRaceViewController.swift in Sources */ = {isa = PBXBuildFile; fileRef = DEB272A7256ADCB000637931 /* MainRaceViewController.swift */; };
		DED5CF942572E27400539AB3 /* GameSettingsViewController.swift in Sources */ = {isa = PBXBuildFile; fileRef = DED5CF932572E27400539AB3 /* GameSettingsViewController.swift */; };
/* End PBXBuildFile section */

/* Begin PBXFileReference section */
		DEB27290256AD74500637931 /* race project.app */ = {isa = PBXFileReference; explicitFileType = wrapper.application; includeInIndex = 0; path = "race project.app"; sourceTree = BUILT_PRODUCTS_DIR; };
		DEB27293256AD74500637931 /* AppDelegate.swift */ = {isa = PBXFileReference; lastKnownFileType = sourcecode.swift; path = AppDelegate.swift; sourceTree = "<group>"; };
		DEB27295256AD74500637931 /* SceneDelegate.swift */ = {isa = PBXFileReference; lastKnownFileType = sourcecode.swift; path = SceneDelegate.swift; sourceTree = "<group>"; };
		DEB27297256AD74500637931 /* ViewController.swift */ = {isa = PBXFileReference; lastKnownFileType = sourcecode.swift; path = ViewController.swift; sourceTree = "<group>"; };
		DEB2729A256AD74500637931 /* Base */ = {isa = PBXFileReference; lastKnownFileType = file.storyboard; name = Base; path = Base.lproj/Main.storyboard; sourceTree = "<group>"; };
		DEB2729C256AD74800637931 /* Assets.xcassets */ = {isa = PBXFileReference; lastKnownFileType = folder.assetcatalog; path = Assets.xcassets; sourceTree = "<group>"; };
		DEB2729F256AD74800637931 /* Base */ = {isa = PBXFileReference; lastKnownFileType = file.storyboard; name = Base; path = Base.lproj/LaunchScreen.storyboard; sourceTree = "<group>"; };
		DEB272A1256AD74800637931 /* Info.plist */ = {isa = PBXFileReference; lastKnownFileType = text.plist.xml; path = Info.plist; sourceTree = "<group>"; };
		DEB272A7256ADCB000637931 /* MainRaceViewController.swift */ = {isa = PBXFileReference; lastKnownFileType = sourcecode.swift; path = MainRaceViewController.swift; sourceTree = "<group>"; };
		DED5CF932572E27400539AB3 /* GameSettingsViewController.swift */ = {isa = PBXFileReference; lastKnownFileType = sourcecode.swift; path = GameSettingsViewController.swift; sourceTree = "<group>"; };
/* End PBXFileReference section */

/* Begin PBXFrameworksBuildPhase section */
		DEB2728D256AD74500637931 /* Frameworks */ = {
			isa = PBXFrameworksBuildPhase;
			buildActionMask = 2147483647;
			files = (
			);
			runOnlyForDeploymentPostprocessing = 0;
		};
/* End PBXFrameworksBuildPhase section */

/* Begin PBXGroup section */
		DEB27287256AD74500637931 = {
			isa = PBXGroup;
			children = (
				DEB27292256AD74500637931 /* race project */,
				DEB27291256AD74500637931 /* Products */,
			);
			sourceTree = "<group>";
		};
		DEB27291256AD74500637931 /* Products */ = {
			isa = PBXGroup;
			children = (
				DEB27290256AD74500637931 /* race project.app */,
			);
			name = Products;
			sourceTree = "<group>";
		};
		DEB27292256AD74500637931 /* race project */ = {
			isa = PBXGroup;
			children = (
				DEB27293256AD74500637931 /* AppDelegate.swift */,
				DEB27295256AD74500637931 /* SceneDelegate.swift */,
				DEB27297256AD74500637931 /* ViewController.swift */,
				DEB272A7256ADCB000637931 /* MainRaceViewController.swift */,
				DED5CF932572E27400539AB3 /* GameSettingsViewController.swift */,
				DEB27299256AD74500637931 /* Main.storyboard */,
				DEB2729C256AD74800637931 /* Assets.xcassets */,
				DEB2729E256AD74800637931 /* LaunchScreen.storyboard */,
				DEB272A1256AD74800637931 /* Info.plist */,
			);
			path = "race project";
			sourceTree = "<group>";
		};
/* End PBXGroup section */

/* Begin PBXNativeTarget section */
		DEB2728F256AD74500637931 /* race project */ = {
			isa = PBXNativeTarget;
			buildConfigurationList = DEB272A4256AD74800637931 /* Build configuration list for PBXNativeTarget "race project" */;
			buildPhases = (
				DEB2728C256AD74500637931 /* Sources */,
				DEB2728D256AD74500637931 /* Frameworks */,
				DEB2728E256AD74500637931 /* Resources */,
			);
			buildRules = (
			);
			dependencies = (
			);
			name = "race project";
			productName = "race project";
			productReference = DEB27290256AD74500637931 /* race project.app */;
			productType = "com.apple.product-type.application";
		};
/* End PBXNativeTarget section */

/* Begin PBXProject section */
		DEB27288256AD74500637931 /* Project object */ = {
			isa = PBXProject;
			attributes = {
				LastSwiftUpdateCheck = 1130;
				LastUpgradeCheck = 1130;
				ORGANIZATIONNAME = "Herman Yurchanka";
				TargetAttributes = {
					DEB2728F256AD74500637931 = {
						CreatedOnToolsVersion = 11.3.1;
					};
				};
			};
			buildConfigurationList = DEB2728B256AD74500637931 /* Build configuration list for PBXProject "race project" */;
			compatibilityVersion = "Xcode 9.3";
			developmentRegion = en;
			hasScannedForEncodings = 0;
			knownRegions = (
				en,
				Base,
			);
			mainGroup = DEB27287256AD74500637931;
			productRefGroup = DEB27291256AD74500637931 /* Products */;
			projectDirPath = "";
			projectRoot = "";
			targets = (
				DEB2728F256AD74500637931 /* race project */,
			);
		};
/* End PBXProject section */

/* Begin PBXResourcesBuildPhase section */
		DEB2728E256AD74500637931 /* Resources */ = {
			isa = PBXResourcesBuildPhase;
			buildActionMask = 2147483647;
			files = (
				DEB272A0256AD74800637931 /* LaunchScreen.storyboard in Resources */,
				DEB2729D256AD74800637931 /* Assets.xcassets in Resources */,
				DEB2729B256AD74500637931 /* Main.storyboard in Resources */,
			);
			runOnlyForDeploymentPostprocessing = 0;
		};
/* End PBXResourcesBuildPhase section */

/* Begin PBXSourcesBuildPhase section */
		DEB2728C256AD74500637931 /* Sources */ = {
			isa = PBXSourcesBuildPhase;
			buildActionMask = 2147483647;
			files = (
				DEB27298256AD74500637931 /* ViewController.swift in Sources */,
				DED5CF942572E27400539AB3 /* GameSettingsViewController.swift in Sources */,
				DEB27294256AD74500637931 /* AppDelegate.swift in Sources */,
				DEB272A8256ADCB000637931 /* MainRaceViewController.swift in Sources */,
				DEB27296256AD74500637931 /* SceneDelegate.swift in Sources */,
			);
			runOnlyForDeploymentPostprocessing = 0;
		};
/* End PBXSourcesBuildPhase section */

/* Begin PBXVariantGroup section */
		DEB27299256AD74500637931 /* Main.storyboard */ = {
			isa = PBXVariantGroup;
			children = (
				DEB2729A256AD74500637931 /* Base */,
			);
			name = Main.storyboard;
			sourceTree = "<group>";
		};
		DEB2729E256AD74800637931 /* LaunchScreen.storyboard */ = {
			isa = PBXVariantGroup;
			children = (
				DEB2729F256AD74800637931 /* Base */,
			);
			name = LaunchScreen.storyboard;
			sourceTree = "<group>";
		};
/* End PBXVariantGroup section */

/* Begin XCBuildConfiguration section */
		DEB272A2256AD74800637931 /* Debug */ = {
			isa = XCBuildConfiguration;
			buildSettings = {
				ALWAYS_SEARCH_USER_PATHS = NO;
				CLANG_ANALYZER_NONNULL = YES;
				CLANG_ANALYZER_NUMBER_OBJECT_CONVERSION = YES_AGGRESSIVE;
				CLANG_CXX_LANGUAGE_STANDARD = "gnu++14";
				CLANG_CXX_LIBRARY = "libc++";
				CLANG_ENABLE_MODULES = YES;
				CLANG_ENABLE_OBJC_ARC = YES;
				CLANG_ENABLE_OBJC_WEAK = YES;
				CLANG_WARN_BLOCK_CAPTURE_AUTORELEASING = YES;
				CLANG_WARN_BOOL_CONVERSION = YES;
				CLANG_WARN_COMMA = YES;
				CLANG_WARN_CONSTANT_CONVERSION = YES;
				CLANG_WARN_DEPRECATED_OBJC_IMPLEMENTATIONS = YES;
				CLANG_WARN_DIRECT_OBJC_ISA_USAGE = YES_ERROR;
				CLANG_WARN_DOCUMENTATION_COMMENTS = YES;
				CLANG_WARN_EMPTY_BODY = YES;
				CLANG_WARN_ENUM_CONVERSION = YES;
				CLANG_WARN_INFINITE_RECURSION = YES;
				CLANG_WARN_INT_CONVERSION = YES;
				CLANG_WARN_NON_LITERAL_NULL_CONVERSION = YES;
				CLANG_WARN_OBJC_IMPLICIT_RETAIN_SELF = YES;
				CLANG_WARN_OBJC_LITERAL_CONVERSION = YES;
				CLANG_WARN_OBJC_ROOT_CLASS = YES_ERROR;
				CLANG_WARN_RANGE_LOOP_ANALYSIS = YES;
				CLANG_WARN_STRICT_PROTOTYPES = YES;
				CLANG_WARN_SUSPICIOUS_MOVE = YES;
				CLANG_WARN_UNGUARDED_AVAILABILITY = YES_AGGRESSIVE;
				CLANG_WARN_UNREACHABLE_CODE = YES;
				CLANG_WARN__DUPLICATE_METHOD_MATCH = YES;
				COPY_PHASE_STRIP = NO;
				DEBUG_INFORMATION_FORMAT = dwarf;
				ENABLE_STRICT_OBJC_MSGSEND = YES;
				ENABLE_TESTABILITY = YES;
				GCC_C_LANGUAGE_STANDARD = gnu11;
				GCC_DYNAMIC_NO_PIC = NO;
				GCC_NO_COMMON_BLOCKS = YES;
				GCC_OPTIMIZATION_LEVEL = 0;
				GCC_PREPROCESSOR_DEFINITIONS = (
					"DEBUG=1",
					"$(inherited)",
				);
				GCC_WARN_64_TO_32_BIT_CONVERSION = YES;
				GCC_WARN_ABOUT_RETURN_TYPE = YES_ERROR;
				GCC_WARN_UNDECLARED_SELECTOR = YES;
				GCC_WARN_UNINITIALIZED_AUTOS = YES_AGGRESSIVE;
				GCC_WARN_UNUSED_FUNCTION = YES;
				GCC_WARN_UNUSED_VARIABLE = YES;
				IPHONEOS_DEPLOYMENT_TARGET = 13.2;
				MTL_ENABLE_DEBUG_INFO = INCLUDE_SOURCE;
				MTL_FAST_MATH = YES;
				ONLY_ACTIVE_ARCH = YES;
				SDKROOT = iphoneos;
				SWIFT_ACTIVE_COMPILATION_CONDITIONS = DEBUG;
				SWIFT_OPTIMIZATION_LEVEL = "-Onone";
			};
			name = Debug;
		};
		DEB272A3256AD74800637931 /* Release */ = {
			isa = XCBuildConfiguration;
			buildSettings = {
				ALWAYS_SEARCH_USER_PATHS = NO;
				CLANG_ANALYZER_NONNULL = YES;
				CLANG_ANALYZER_NUMBER_OBJECT_CONVERSION = YES_AGGRESSIVE;
				CLANG_CXX_LANGUAGE_STANDARD = "gnu++14";
				CLANG_CXX_LIBRARY = "libc++";
				CLANG_ENABLE_MODULES = YES;
				CLANG_ENABLE_OBJC_ARC = YES;
				CLANG_ENABLE_OBJC_WEAK = YES;
				CLANG_WARN_BLOCK_CAPTURE_AUTORELEASING = YES;
				CLANG_WARN_BOOL_CONVERSION = YES;
				CLANG_WARN_COMMA = YES;
				CLANG_WARN_CONSTANT_CONVERSION = YES;
				CLANG_WARN_DEPRECATED_OBJC_IMPLEMENTATIONS = YES;
				CLANG_WARN_DIRECT_OBJC_ISA_USAGE = YES_ERROR;
				CLANG_WARN_DOCUMENTATION_COMMENTS = YES;
				CLANG_WARN_EMPTY_BODY = YES;
				CLANG_WARN_ENUM_CONVERSION = YES;
				CLANG_WARN_INFINITE_RECURSION = YES;
				CLANG_WARN_INT_CONVERSION = YES;
				CLANG_WARN_NON_LITERAL_NULL_CONVERSION = YES;
				CLANG_WARN_OBJC_IMPLICIT_RETAIN_SELF = YES;
				CLANG_WARN_OBJC_LITERAL_CONVERSION = YES;
				CLANG_WARN_OBJC_ROOT_CLASS = YES_ERROR;
				CLANG_WARN_RANGE_LOOP_ANALYSIS = YES;
				CLANG_WARN_STRICT_PROTOTYPES = YES;
				CLANG_WARN_SUSPICIOUS_MOVE = YES;
				CLANG_WARN_UNGUARDED_AVAILABILITY = YES_AGGRESSIVE;
				CLANG_WARN_UNREACHABLE_CODE = YES;
				CLANG_WARN__DUPLICATE_METHOD_MATCH = YES;
				COPY_PHASE_STRIP = NO;
				DEBUG_INFORMATION_FORMAT = "dwarf-with-dsym";
				ENABLE_NS_ASSERTIONS = NO;
				ENABLE_STRICT_OBJC_MSGSEND = YES;
				GCC_C_LANGUAGE_STANDARD = gnu11;
				GCC_NO_COMMON_BLOCKS = YES;
				GCC_WARN_64_TO_32_BIT_CONVERSION = YES;
				GCC_WARN_ABOUT_RETURN_TYPE = YES_ERROR;
				GCC_WARN_UNDECLARED_SELECTOR = YES;
				GCC_WARN_UNINITIALIZED_AUTOS = YES_AGGRESSIVE;
				GCC_WARN_UNUSED_FUNCTION = YES;
				GCC_WARN_UNUSED_VARIABLE = YES;
				IPHONEOS_DEPLOYMENT_TARGET = 13.2;
				MTL_ENABLE_DEBUG_INFO = NO;
				MTL_FAST_MATH = YES;
				SDKROOT = iphoneos;
				SWIFT_COMPILATION_MODE = wholemodule;
				SWIFT_OPTIMIZATION_LEVEL = "-O";
				VALIDATE_PRODUCT = YES;
			};
			name = Release;
		};
		DEB272A5256AD74800637931 /* Debug */ = {
			isa = XCBuildConfiguration;
			buildSettings = {
				ASSETCATALOG_COMPILER_APPICON_NAME = AppIcon;
				CODE_SIGN_STYLE = Automatic;
				INFOPLIST_FILE = "race project/Info.plist";
				LD_RUNPATH_SEARCH_PATHS = (
					"$(inherited)",
					"@executable_path/Frameworks",
				);
				PRODUCT_BUNDLE_IDENTIFIER = "HermanYurchanka.com.by.race-project";
				PRODUCT_NAME = "$(TARGET_NAME)";
				SWIFT_VERSION = 5.0;
				TARGETED_DEVICE_FAMILY = "1,2";
			};
			name = Debug;
		};
		DEB272A6256AD74800637931 /* Release */ = {
			isa = XCBuildConfiguration;
			buildSettings = {
				ASSETCATALOG_COMPILER_APPICON_NAME = AppIcon;
				CODE_SIGN_STYLE = Automatic;
				INFOPLIST_FILE = "race project/Info.plist";
				LD_RUNPATH_SEARCH_PATHS = (
					"$(inherited)",
					"@executable_path/Frameworks",
				);
				PRODUCT_BUNDLE_IDENTIFIER = "HermanYurchanka.com.by.race-project";
				PRODUCT_NAME = "$(TARGET_NAME)";
				SWIFT_VERSION = 5.0;
				TARGETED_DEVICE_FAMILY = "1,2";
			};
			name = Release;
		};
/* End XCBuildConfiguration section */

/* Begin XCConfigurationList section */
		DEB2728B256AD74500637931 /* Build configuration list for PBXProject "race project" */ = {
			isa = XCConfigurationList;
			buildConfigurations = (
				DEB272A2256AD74800637931 /* Debug */,
				DEB272A3256AD74800637931 /* Release */,
			);
			defaultConfigurationIsVisible = 0;
			defaultConfigurationName = Release;
		};
		DEB272A4256AD74800637931 /* Build configuration list for PBXNativeTarget "race project" */ = {
			isa = XCConfigurationList;
			buildConfigurations = (
				DEB272A5256AD74800637931 /* Debug */,
				DEB272A6256AD74800637931 /* Release */,
			);
			defaultConfigurationIsVisible = 0;
			defaultConfigurationName = Release;
		};
/* End XCConfigurationList section */
	};
	rootObject = DEB27288256AD74500637931 /* Project object */;
}
